
Microsoft Visual Studio Solution File, Format Version 12.00
# Visual Studio 15
VisualStudioVersion = 15.0.28010.2050
MinimumVisualStudioVersion = 10.0.40219.1
Project("{8BC9CEB8-8B4A-11D0-8D11-00A0C91BC942}") = "txw2sfz", "txw2sfz\txw2sfz.vcxproj", "{AF218D13-E87F-4704-B3EB-6A712CE48D69}"
EndProject
Project("{8BC9CEB8-8B4A-11D0-8D11-00A0C91BC942}") = "txw2wav", "txw2wav\txw2wav.vcxproj", "{6265C904-E791-42F0-BBB0-A043ECA2670C}"
EndProject
Global
	GlobalSection(SolutionConfigurationPlatforms) = preSolution
		Debug|x64 = Debug|x64
		Debug|x86 = Debug|x86
		Release|x64 = Release|x64
		Release|x86 = Release|x86
	EndGlobalSection
	GlobalSection(ProjectConfigurationPlatforms) = postSolution
		{AF218D13-E87F-4704-B3EB-6A712CE48D69}.Debug|x64.ActiveCfg = Debug|x64
		{AF218D13-E87F-4704-B3EB-6A712CE48D69}.Debug|x64.Build.0 = Debug|x64
		{AF218D13-E87F-4704-B3EB-6A712CE48D69}.Debug|x86.ActiveCfg = Debug|Win32
		{AF218D13-E87F-4704-B3EB-6A712CE48D69}.Debug|x86.Build.0 = Debug|Win32
		{AF218D13-E87F-4704-B3EB-6A712CE48D69}.Release|x64.ActiveCfg = Release|x64
		{AF218D13-E87F-4704-B3EB-6A712CE48D69}.Release|x64.Build.0 = Release|x64
		{AF218D13-E87F-4704-B3EB-6A712CE48D69}.Release|x86.ActiveCfg = Release|Win32
		{AF218D13-E87F-4704-B3EB-6A712CE48D69}.Release|x86.Build.0 = Release|Win32
		{6265C904-E791-42F0-BBB0-A043ECA2670C}.Debug|x64.ActiveCfg = Debug|x64
		{6265C904-E791-42F0-BBB0-A043ECA2670C}.Debug|x64.Build.0 = Debug|x64
		{6265C904-E791-42F0-BBB0-A043ECA2670C}.Debug|x86.ActiveCfg = Debug|Win32
		{6265C904-E791-42F0-BBB0-A043ECA2670C}.Debug|x86.Build.0 = Debug|Win32
		{6265C904-E791-42F0-BBB0-A043ECA2670C}.Release|x64.ActiveCfg = Release|x64
		{6265C904-E791-42F0-BBB0-A043ECA2670C}.Release|x64.Build.0 = Release|x64
		{6265C904-E791-42F0-BBB0-A043ECA2670C}.Release|x86.ActiveCfg = Release|Win32
		{6265C904-E791-42F0-BBB0-A043ECA2670C}.Release|x86.Build.0 = Release|Win32
	EndGlobalSection
	GlobalSection(SolutionProperties) = preSolution
		HideSolutionNode = FALSE
	EndGlobalSection
	GlobalSection(ExtensibilityGlobals) = postSolution
		SolutionGuid = {42EE0844-6BD3-4DC6-BFD5-CB98BBF48AC7}
	EndGlobalSection
EndGlobal
